
Microsoft Visual Studio Solution File, Format Version 12.00
# Visual Studio Version 16
VisualStudioVersion = 16.0.31911.196
MinimumVisualStudioVersion = 10.0.40219.1
Project("{FAE04EC0-301F-11D3-BF4B-00C04F79EFBC}") = "ConsoleApp1", "ConsoleApp1\ConsoleApp1.csproj", "{900560F9-BF2D-4ECE-B734-3F7D8EAFCAEA}"
EndProject
Global
	GlobalSection(SolutionConfigurationPlatforms) = preSolution
		Debug|Any CPU = Debug|Any CPU
		Release|Any CPU = Release|Any CPU
	EndGlobalSection
	GlobalSection(ProjectConfigurationPlatforms) = postSolution
		{900560F9-BF2D-4ECE-B734-3F7D8EAFCAEA}.Debug|Any CPU.ActiveCfg = Debug|Any CPU
		{900560F9-BF2D-4ECE-B734-3F7D8EAFCAEA}.Debug|Any CPU.Build.0 = Debug|Any CPU
		{900560F9-BF2D-4ECE-B734-3F7D8EAFCAEA}.Release|Any CPU.ActiveCfg = Release|Any CPU
		{900560F9-BF2D-4ECE-B734-3F7D8EAFCAEA}.Release|Any CPU.Build.0 = Release|Any CPU
	EndGlobalSection
	GlobalSection(SolutionProperties) = preSolution
		HideSolutionNode = FALSE
	EndGlobalSection
	GlobalSection(ExtensibilityGlobals) = postSolution
		SolutionGuid = {08B760E6-AB77-4A54-B053-1813F5C69533}
	EndGlobalSection
EndGlobal
